
Microsoft Visual Studio Solution File, Format Version 12.00
# Visual Studio Version 17
VisualStudioVersion = 17.0.31903.59
MinimumVisualStudioVersion = 10.0.40219.1
Project("{9A19103F-16F7-4668-BE54-9A1E7A4F7556}") = "P2Project.API", "src\P2Project.API\P2Project.API.csproj", "{4003E0B1-5719-44A3-9D68-5378B9CBA188}"
EndProject
Project("{2150E333-8FDC-42A3-9474-1A3956D46DE8}") = "src", "src", "{4EDABDD0-D3C7-4AD4-8A36-38C68B2E3E14}"
EndProject
Project("{9A19103F-16F7-4668-BE54-9A1E7A4F7556}") = "P2Project.Volunteers.Domain.UnitTests", "tests\VolunteerTests\P2Project.Volunteers.Domain.UnitTests.csproj", "{9244BB58-0418-473A-A6AC-19ABF6EE8F6E}"
EndProject
Project("{2150E333-8FDC-42A3-9474-1A3956D46DE8}") = "tests", "tests", "{5F0C0FBE-9E8F-44DC-849C-0321ADB901F4}"
EndProject
Project("{FAE04EC0-301F-11D3-BF4B-00C04F79EFBC}") = "P2Project.Volunteers.Application.UnitTests", "tests\P2Project.Volunteers.Application.UnitTests\P2Project.Volunteers.Application.UnitTests.csproj", "{46919D25-D259-4199-835C-DC8E423B1A82}"
EndProject
Project("{FAE04EC0-301F-11D3-BF4B-00C04F79EFBC}") = "P2Project.UnitTestsFabrics", "tests\P2Project.UnitTestsFabric\P2Project.UnitTestsFabrics.csproj", "{84E10FA9-5C68-4ED3-9EAC-5864BA8C164A}"
EndProject
Project("{FAE04EC0-301F-11D3-BF4B-00C04F79EFBC}") = "P2Project.IntegrationTests", "tests\P2Project.IntegrationTests\P2Project.IntegrationTests.csproj", "{D3B33FB3-C548-4A9C-A0F1-7503ADD3DB36}"
EndProject
Project("{FAE04EC0-301F-11D3-BF4B-00C04F79EFBC}") = "P2Project.Core", "src\Shared\P2Project.Core\P2Project.Core.csproj", "{BFE450BF-796C-4E85-9AF1-4CB98E61E3CE}"
EndProject
Project("{FAE04EC0-301F-11D3-BF4B-00C04F79EFBC}") = "P2Project.Volunteers.Domain", "src\Volunteers\P2Project.Volunteers.Domain\P2Project.Volunteers.Domain.csproj", "{9763DAE0-05A7-4DE1-BF92-34B491BE2881}"
EndProject
Project("{FAE04EC0-301F-11D3-BF4B-00C04F79EFBC}") = "P2Project.Volunteers.Infrastructure", "src\Volunteers\P2Project.Volunteers.Infrastructure\P2Project.Volunteers.Infrastructure.csproj", "{3911509A-8C68-4BC0-AB47-193444F9327C}"
EndProject
Project("{FAE04EC0-301F-11D3-BF4B-00C04F79EFBC}") = "P2Project.Volunteers.Application", "src\Volunteers\P2Project.Volunteers.Application\P2Project.Volunteers.Application.csproj", "{B157BDED-EDBF-4025-BF05-640C048851F1}"
EndProject
Project("{FAE04EC0-301F-11D3-BF4B-00C04F79EFBC}") = "P2Project.Volunteers.Web", "src\Volunteers\P2Project.Volunteers.Web\P2Project.Volunteers.Web.csproj", "{A5B3FA09-3F4B-4D4B-9EF8-8B85FAF64C0B}"
EndProject
Project("{FAE04EC0-301F-11D3-BF4B-00C04F79EFBC}") = "P2Project.Species.Domain", "src\Species\P2Project.Species.Domain\P2Project.Species.Domain.csproj", "{AD2A1F71-C266-451D-B960-9B684B31EE55}"
EndProject
Project("{FAE04EC0-301F-11D3-BF4B-00C04F79EFBC}") = "P2Project.Species.Infrastructure", "src\Species\P2Project.Species.Infrastructure\P2Project.Species.Infrastructure.csproj", "{5A8076C6-1035-44FD-B4ED-68E5F3B5EDC2}"
EndProject
Project("{FAE04EC0-301F-11D3-BF4B-00C04F79EFBC}") = "P2Project.Species.Application", "src\Species\P2Project.Species.Application\P2Project.Species.Application.csproj", "{D54F8562-62CF-4476-900C-3B1550367AEC}"
EndProject
Project("{FAE04EC0-301F-11D3-BF4B-00C04F79EFBC}") = "P2Project.Species.Web", "src\Species\P2Project.Species.Web\P2Project.Species.Web.csproj", "{314296C5-B0DC-4876-8114-F04E9B456B12}"
EndProject
Project("{FAE04EC0-301F-11D3-BF4B-00C04F79EFBC}") = "P2Project.Species.Agreements", "src\Species\P2Project.Species.Agreements\P2Project.Species.Agreements.csproj", "{F59F1D78-91A6-4A06-A054-AD9F96729746}"
EndProject
Project("{FAE04EC0-301F-11D3-BF4B-00C04F79EFBC}") = "P2Project.Volunteers.Agreements", "src\Volunteers\P2Project.Volunteers.Agreements\P2Project.Volunteers.Agreements.csproj", "{1F4E951F-4B91-47C7-8DCA-7EE873233D03}"
EndProject
Project("{FAE04EC0-301F-11D3-BF4B-00C04F79EFBC}") = "P2Project.Accounts.Web", "src\Accounts\P2Project.Accounts.Web\P2Project.Accounts.Web.csproj", "{A2ED8706-33AA-4308-BE29-844DA548294E}"
EndProject
Project("{FAE04EC0-301F-11D3-BF4B-00C04F79EFBC}") = "P2Project.Accounts.Application", "src\Accounts\P2Project.Accounts.Application\P2Project.Accounts.Application.csproj", "{C567C180-69FE-47D6-8AB5-F62642DE7714}"
EndProject
Project("{FAE04EC0-301F-11D3-BF4B-00C04F79EFBC}") = "P2Project.Accounts.Infrastructure", "src\Accounts\P2Project.Accounts.Infrastructure\P2Project.Accounts.Infrastructure.csproj", "{395FAE0C-97C9-44B6-A4DF-F22137FF7174}"
EndProject
Project("{FAE04EC0-301F-11D3-BF4B-00C04F79EFBC}") = "P2Project.Accounts.Agreements", "src\Accounts\P2Project.Accounts.Agreements\P2Project.Accounts.Agreements.csproj", "{91E1B1B1-1FF1-4953-B66A-BBFBC588F1BE}"
EndProject
Project("{FAE04EC0-301F-11D3-BF4B-00C04F79EFBC}") = "P2Project.Accounts.Domain", "src\Accounts\P2Project.Accounts.Domain\P2Project.Accounts.Domain.csproj", "{88F4D6CD-99AF-47F3-A746-E2F943DC72DB}"
EndProject
Project("{2150E333-8FDC-42A3-9474-1A3956D46DE8}") = "Accounts", "Accounts", "{32B4CC28-ECCE-4449-AFE4-0DFE4348ADA6}"
EndProject
Project("{2150E333-8FDC-42A3-9474-1A3956D46DE8}") = "Volunteers", "Volunteers", "{A40467E2-876B-443D-AF91-BDFE15DFE172}"
EndProject
Project("{2150E333-8FDC-42A3-9474-1A3956D46DE8}") = "Species", "Species", "{F892263A-39E8-4082-A502-2819120EC359}"
EndProject
Project("{FAE04EC0-301F-11D3-BF4B-00C04F79EFBC}") = "P2Project.Framework", "src\Shared\P2Project.Framework\P2Project.Framework.csproj", "{56DEBCEE-D7A0-459C-AF92-6F798F41FAA2}"
EndProject
Project("{FAE04EC0-301F-11D3-BF4B-00C04F79EFBC}") = "P2Project.SharedKernel", "src\Shared\P2Project.SharedKernel\P2Project.SharedKernel.csproj", "{F92EBABD-873F-4E95-9614-67F3D409912D}"
EndProject
Project("{2150E333-8FDC-42A3-9474-1A3956D46DE8}") = "Shared", "Shared", "{7D36C604-9F58-4DFF-B52B-2E192702A46A}"
EndProject
Project("{2150E333-8FDC-42A3-9474-1A3956D46DE8}") = "VolunteerRequests", "VolunteerRequests", "{8B393653-134F-40D4-8E3B-B6C8FB2ACE6E}"
EndProject
Project("{FAE04EC0-301F-11D3-BF4B-00C04F79EFBC}") = "P2Project.VolunteerRequests.Domain", "src\VolunteerRequests\P2Project.VolunteerRequests.Domain\P2Project.VolunteerRequests.Domain.csproj", "{11352773-D4D0-4475-820D-4575280A01EE}"
EndProject
Project("{FAE04EC0-301F-11D3-BF4B-00C04F79EFBC}") = "P2Project.VolunteerRequests.Web", "src\VolunteerRequests\P2Project.VolunteerRequests.Web\P2Project.VolunteerRequests.Web.csproj", "{2800E78F-D2BD-47B0-96B3-1E697A7B9C01}"
EndProject
Project("{FAE04EC0-301F-11D3-BF4B-00C04F79EFBC}") = "P2Project.VolunteerRequests.Application", "src\VolunteerRequests\P2Project.VolunteerRequests.Application\P2Project.VolunteerRequests.Application.csproj", "{89657066-31EE-4A48-8CB2-67704D12543F}"
EndProject
Project("{FAE04EC0-301F-11D3-BF4B-00C04F79EFBC}") = "P2Project.VolunteerRequests.Infrastructure", "src\VolunteerRequests\P2Project.VolunteerRequests.Infrastructure\P2Project.VolunteerRequests.Infrastructure.csproj", "{CF22AD3D-6C08-4F37-A4E6-F4DBC4E9FE43}"
EndProject
Project("{FAE04EC0-301F-11D3-BF4B-00C04F79EFBC}") = "P2Project.VolunteerRequests.Agreements", "src\VolunteerRequests\P2Project.VolunteerRequests.Agreements\P2Project.VolunteerRequests.Agreements.csproj", "{2C3CA5E2-5FE7-4858-B006-B61825287D93}"
EndProject
Project("{2150E333-8FDC-42A3-9474-1A3956D46DE8}") = "VolunteerRequests", "VolunteerRequests", "{CF31EFBD-9894-4E60-8B8F-9409D12F931B}"
EndProject
Project("{FAE04EC0-301F-11D3-BF4B-00C04F79EFBC}") = "P2Project.VolunteerRequests.Domain.UnitTests", "tests\VolunteerRequests\P2Project.VolunteerRequests.Domain.UnitTests\P2Project.VolunteerRequests.Domain.UnitTests.csproj", "{FE8A5A58-4FFC-4798-91DB-2F83C388171D}"
EndProject
Project("{FAE04EC0-301F-11D3-BF4B-00C04F79EFBC}") = "P2Project.VolunteerRequests.UnitTestsFabrics", "tests\VolunteerRequests\P2Project.VolunteerRequests.UnitTestsFabrics\P2Project.VolunteerRequests.UnitTestsFabrics.csproj", "{1D6A148E-1F27-44DE-9358-EB6BC011646C}"
EndProject
Project("{2150E333-8FDC-42A3-9474-1A3956D46DE8}") = "Discussions", "Discussions", "{1FB0C96B-80D7-44D0-B983-F106AEFBD186}"
EndProject
Project("{FAE04EC0-301F-11D3-BF4B-00C04F79EFBC}") = "P2Project.Discussions.Web", "src\Discussions\P2Project.Discussions.Web\P2Project.Discussions.Web.csproj", "{BAEDF27A-5E3E-4014-82D3-BB5E7A20C0A6}"
EndProject
Project("{FAE04EC0-301F-11D3-BF4B-00C04F79EFBC}") = "P2Project.Discussions.Domain", "src\Discussions\P2Project.Discussions.Domain\P2Project.Discussions.Domain.csproj", "{9C70C5ED-4972-43BB-BFF3-F0D6EBBC9A84}"
EndProject
Project("{FAE04EC0-301F-11D3-BF4B-00C04F79EFBC}") = "P2Project.Discussions.Agreements", "src\Discussions\P2Project.Discussions.Agreements\P2Project.Discussions.Agreements.csproj", "{FD326F84-7244-420D-B441-29C9A31D5D13}"
EndProject
Project("{FAE04EC0-301F-11D3-BF4B-00C04F79EFBC}") = "P2Project.Discussions.Application", "src\Discussions\P2Project.Discussions.Application\P2Project.Discussions.Application.csproj", "{909DC49D-D593-485C-9C31-1C85B43186FA}"
EndProject
Project("{FAE04EC0-301F-11D3-BF4B-00C04F79EFBC}") = "P2Project.Discussions.Infrastructure", "src\Discussions\P2Project.Discussions.Infrastructure\P2Project.Discussions.Infrastructure.csproj", "{9D7FD2B4-F23C-441F-912E-B7DE039562F1}"
EndProject
Project("{2150E333-8FDC-42A3-9474-1A3956D46DE8}") = "Discussions", "Discussions", "{9E601F7A-4CF9-4ED0-A76B-D76A4B3E9096}"
EndProject
Project("{FAE04EC0-301F-11D3-BF4B-00C04F79EFBC}") = "P2Project.Discussions.Domain.UnitTests", "tests\Discussions\P2Project.Discussions.Domain.UnitTests\P2Project.Discussions.Domain.UnitTests.csproj", "{DBBD94FC-B380-4D1A-8410-198CEC137929}"
EndProject
Project("{FAE04EC0-301F-11D3-BF4B-00C04F79EFBC}") = "P2Project.Discussions.UnitTestsFabrics", "tests\Discussions\P2Project.Discussions.UnitTestsFabrics\P2Project.Discussions.UnitTestsFabrics.csproj", "{47165E19-6A19-4853-87A0-69CEEA6DDF92}"
EndProject
Project("{2150E333-8FDC-42A3-9474-1A3956D46DE8}") = "Solution Items", "Solution Items", "{E1F0E1AF-6C95-42FE-9F13-6BABB6B3BD01}"
	ProjectSection(SolutionItems) = preProject
		docker-compose.yml = docker-compose.yml
	EndProjectSection
EndProject
Global
	GlobalSection(SolutionConfigurationPlatforms) = preSolution
		Debug|Any CPU = Debug|Any CPU
		Release|Any CPU = Release|Any CPU
	EndGlobalSection
	GlobalSection(ProjectConfigurationPlatforms) = postSolution
		{4003E0B1-5719-44A3-9D68-5378B9CBA188}.Debug|Any CPU.ActiveCfg = Debug|Any CPU
		{4003E0B1-5719-44A3-9D68-5378B9CBA188}.Debug|Any CPU.Build.0 = Debug|Any CPU
		{4003E0B1-5719-44A3-9D68-5378B9CBA188}.Release|Any CPU.ActiveCfg = Release|Any CPU
		{4003E0B1-5719-44A3-9D68-5378B9CBA188}.Release|Any CPU.Build.0 = Release|Any CPU
		{9244BB58-0418-473A-A6AC-19ABF6EE8F6E}.Debug|Any CPU.ActiveCfg = Debug|Any CPU
		{9244BB58-0418-473A-A6AC-19ABF6EE8F6E}.Debug|Any CPU.Build.0 = Debug|Any CPU
		{9244BB58-0418-473A-A6AC-19ABF6EE8F6E}.Release|Any CPU.ActiveCfg = Release|Any CPU
		{9244BB58-0418-473A-A6AC-19ABF6EE8F6E}.Release|Any CPU.Build.0 = Release|Any CPU
		{46919D25-D259-4199-835C-DC8E423B1A82}.Debug|Any CPU.ActiveCfg = Debug|Any CPU
		{46919D25-D259-4199-835C-DC8E423B1A82}.Debug|Any CPU.Build.0 = Debug|Any CPU
		{46919D25-D259-4199-835C-DC8E423B1A82}.Release|Any CPU.ActiveCfg = Release|Any CPU
		{46919D25-D259-4199-835C-DC8E423B1A82}.Release|Any CPU.Build.0 = Release|Any CPU
		{84E10FA9-5C68-4ED3-9EAC-5864BA8C164A}.Debug|Any CPU.ActiveCfg = Debug|Any CPU
		{84E10FA9-5C68-4ED3-9EAC-5864BA8C164A}.Debug|Any CPU.Build.0 = Debug|Any CPU
		{84E10FA9-5C68-4ED3-9EAC-5864BA8C164A}.Release|Any CPU.ActiveCfg = Release|Any CPU
		{84E10FA9-5C68-4ED3-9EAC-5864BA8C164A}.Release|Any CPU.Build.0 = Release|Any CPU
		{D3B33FB3-C548-4A9C-A0F1-7503ADD3DB36}.Debug|Any CPU.ActiveCfg = Debug|Any CPU
		{D3B33FB3-C548-4A9C-A0F1-7503ADD3DB36}.Debug|Any CPU.Build.0 = Debug|Any CPU
		{D3B33FB3-C548-4A9C-A0F1-7503ADD3DB36}.Release|Any CPU.ActiveCfg = Release|Any CPU
		{D3B33FB3-C548-4A9C-A0F1-7503ADD3DB36}.Release|Any CPU.Build.0 = Release|Any CPU
		{BFE450BF-796C-4E85-9AF1-4CB98E61E3CE}.Debug|Any CPU.ActiveCfg = Debug|Any CPU
		{BFE450BF-796C-4E85-9AF1-4CB98E61E3CE}.Debug|Any CPU.Build.0 = Debug|Any CPU
		{BFE450BF-796C-4E85-9AF1-4CB98E61E3CE}.Release|Any CPU.ActiveCfg = Release|Any CPU
		{BFE450BF-796C-4E85-9AF1-4CB98E61E3CE}.Release|Any CPU.Build.0 = Release|Any CPU
		{9763DAE0-05A7-4DE1-BF92-34B491BE2881}.Debug|Any CPU.ActiveCfg = Debug|Any CPU
		{9763DAE0-05A7-4DE1-BF92-34B491BE2881}.Debug|Any CPU.Build.0 = Debug|Any CPU
		{9763DAE0-05A7-4DE1-BF92-34B491BE2881}.Release|Any CPU.ActiveCfg = Release|Any CPU
		{9763DAE0-05A7-4DE1-BF92-34B491BE2881}.Release|Any CPU.Build.0 = Release|Any CPU
		{3911509A-8C68-4BC0-AB47-193444F9327C}.Debug|Any CPU.ActiveCfg = Debug|Any CPU
		{3911509A-8C68-4BC0-AB47-193444F9327C}.Debug|Any CPU.Build.0 = Debug|Any CPU
		{3911509A-8C68-4BC0-AB47-193444F9327C}.Release|Any CPU.ActiveCfg = Release|Any CPU
		{3911509A-8C68-4BC0-AB47-193444F9327C}.Release|Any CPU.Build.0 = Release|Any CPU
		{B157BDED-EDBF-4025-BF05-640C048851F1}.Debug|Any CPU.ActiveCfg = Debug|Any CPU
		{B157BDED-EDBF-4025-BF05-640C048851F1}.Debug|Any CPU.Build.0 = Debug|Any CPU
		{B157BDED-EDBF-4025-BF05-640C048851F1}.Release|Any CPU.ActiveCfg = Release|Any CPU
		{B157BDED-EDBF-4025-BF05-640C048851F1}.Release|Any CPU.Build.0 = Release|Any CPU
		{A5B3FA09-3F4B-4D4B-9EF8-8B85FAF64C0B}.Debug|Any CPU.ActiveCfg = Debug|Any CPU
		{A5B3FA09-3F4B-4D4B-9EF8-8B85FAF64C0B}.Debug|Any CPU.Build.0 = Debug|Any CPU
		{A5B3FA09-3F4B-4D4B-9EF8-8B85FAF64C0B}.Release|Any CPU.ActiveCfg = Release|Any CPU
		{A5B3FA09-3F4B-4D4B-9EF8-8B85FAF64C0B}.Release|Any CPU.Build.0 = Release|Any CPU
		{AD2A1F71-C266-451D-B960-9B684B31EE55}.Debug|Any CPU.ActiveCfg = Debug|Any CPU
		{AD2A1F71-C266-451D-B960-9B684B31EE55}.Debug|Any CPU.Build.0 = Debug|Any CPU
		{AD2A1F71-C266-451D-B960-9B684B31EE55}.Release|Any CPU.ActiveCfg = Release|Any CPU
		{AD2A1F71-C266-451D-B960-9B684B31EE55}.Release|Any CPU.Build.0 = Release|Any CPU
		{5A8076C6-1035-44FD-B4ED-68E5F3B5EDC2}.Debug|Any CPU.ActiveCfg = Debug|Any CPU
		{5A8076C6-1035-44FD-B4ED-68E5F3B5EDC2}.Debug|Any CPU.Build.0 = Debug|Any CPU
		{5A8076C6-1035-44FD-B4ED-68E5F3B5EDC2}.Release|Any CPU.ActiveCfg = Release|Any CPU
		{5A8076C6-1035-44FD-B4ED-68E5F3B5EDC2}.Release|Any CPU.Build.0 = Release|Any CPU
		{D54F8562-62CF-4476-900C-3B1550367AEC}.Debug|Any CPU.ActiveCfg = Debug|Any CPU
		{D54F8562-62CF-4476-900C-3B1550367AEC}.Debug|Any CPU.Build.0 = Debug|Any CPU
		{D54F8562-62CF-4476-900C-3B1550367AEC}.Release|Any CPU.ActiveCfg = Release|Any CPU
		{D54F8562-62CF-4476-900C-3B1550367AEC}.Release|Any CPU.Build.0 = Release|Any CPU
		{314296C5-B0DC-4876-8114-F04E9B456B12}.Debug|Any CPU.ActiveCfg = Debug|Any CPU
		{314296C5-B0DC-4876-8114-F04E9B456B12}.Debug|Any CPU.Build.0 = Debug|Any CPU
		{314296C5-B0DC-4876-8114-F04E9B456B12}.Release|Any CPU.ActiveCfg = Release|Any CPU
		{314296C5-B0DC-4876-8114-F04E9B456B12}.Release|Any CPU.Build.0 = Release|Any CPU
		{F59F1D78-91A6-4A06-A054-AD9F96729746}.Debug|Any CPU.ActiveCfg = Debug|Any CPU
		{F59F1D78-91A6-4A06-A054-AD9F96729746}.Debug|Any CPU.Build.0 = Debug|Any CPU
		{F59F1D78-91A6-4A06-A054-AD9F96729746}.Release|Any CPU.ActiveCfg = Release|Any CPU
		{F59F1D78-91A6-4A06-A054-AD9F96729746}.Release|Any CPU.Build.0 = Release|Any CPU
		{1F4E951F-4B91-47C7-8DCA-7EE873233D03}.Debug|Any CPU.ActiveCfg = Debug|Any CPU
		{1F4E951F-4B91-47C7-8DCA-7EE873233D03}.Debug|Any CPU.Build.0 = Debug|Any CPU
		{1F4E951F-4B91-47C7-8DCA-7EE873233D03}.Release|Any CPU.ActiveCfg = Release|Any CPU
		{1F4E951F-4B91-47C7-8DCA-7EE873233D03}.Release|Any CPU.Build.0 = Release|Any CPU
		{A2ED8706-33AA-4308-BE29-844DA548294E}.Debug|Any CPU.ActiveCfg = Debug|Any CPU
		{A2ED8706-33AA-4308-BE29-844DA548294E}.Debug|Any CPU.Build.0 = Debug|Any CPU
		{A2ED8706-33AA-4308-BE29-844DA548294E}.Release|Any CPU.ActiveCfg = Release|Any CPU
		{A2ED8706-33AA-4308-BE29-844DA548294E}.Release|Any CPU.Build.0 = Release|Any CPU
		{C567C180-69FE-47D6-8AB5-F62642DE7714}.Debug|Any CPU.ActiveCfg = Debug|Any CPU
		{C567C180-69FE-47D6-8AB5-F62642DE7714}.Debug|Any CPU.Build.0 = Debug|Any CPU
		{C567C180-69FE-47D6-8AB5-F62642DE7714}.Release|Any CPU.ActiveCfg = Release|Any CPU
		{C567C180-69FE-47D6-8AB5-F62642DE7714}.Release|Any CPU.Build.0 = Release|Any CPU
		{395FAE0C-97C9-44B6-A4DF-F22137FF7174}.Debug|Any CPU.ActiveCfg = Debug|Any CPU
		{395FAE0C-97C9-44B6-A4DF-F22137FF7174}.Debug|Any CPU.Build.0 = Debug|Any CPU
		{395FAE0C-97C9-44B6-A4DF-F22137FF7174}.Release|Any CPU.ActiveCfg = Release|Any CPU
		{395FAE0C-97C9-44B6-A4DF-F22137FF7174}.Release|Any CPU.Build.0 = Release|Any CPU
		{91E1B1B1-1FF1-4953-B66A-BBFBC588F1BE}.Debug|Any CPU.ActiveCfg = Debug|Any CPU
		{91E1B1B1-1FF1-4953-B66A-BBFBC588F1BE}.Debug|Any CPU.Build.0 = Debug|Any CPU
		{91E1B1B1-1FF1-4953-B66A-BBFBC588F1BE}.Release|Any CPU.ActiveCfg = Release|Any CPU
		{91E1B1B1-1FF1-4953-B66A-BBFBC588F1BE}.Release|Any CPU.Build.0 = Release|Any CPU
		{88F4D6CD-99AF-47F3-A746-E2F943DC72DB}.Debug|Any CPU.ActiveCfg = Debug|Any CPU
		{88F4D6CD-99AF-47F3-A746-E2F943DC72DB}.Debug|Any CPU.Build.0 = Debug|Any CPU
		{88F4D6CD-99AF-47F3-A746-E2F943DC72DB}.Release|Any CPU.ActiveCfg = Release|Any CPU
		{88F4D6CD-99AF-47F3-A746-E2F943DC72DB}.Release|Any CPU.Build.0 = Release|Any CPU
		{56DEBCEE-D7A0-459C-AF92-6F798F41FAA2}.Debug|Any CPU.ActiveCfg = Debug|Any CPU
		{56DEBCEE-D7A0-459C-AF92-6F798F41FAA2}.Debug|Any CPU.Build.0 = Debug|Any CPU
		{56DEBCEE-D7A0-459C-AF92-6F798F41FAA2}.Release|Any CPU.ActiveCfg = Release|Any CPU
		{56DEBCEE-D7A0-459C-AF92-6F798F41FAA2}.Release|Any CPU.Build.0 = Release|Any CPU
		{F92EBABD-873F-4E95-9614-67F3D409912D}.Debug|Any CPU.ActiveCfg = Debug|Any CPU
		{F92EBABD-873F-4E95-9614-67F3D409912D}.Debug|Any CPU.Build.0 = Debug|Any CPU
		{F92EBABD-873F-4E95-9614-67F3D409912D}.Release|Any CPU.ActiveCfg = Release|Any CPU
		{F92EBABD-873F-4E95-9614-67F3D409912D}.Release|Any CPU.Build.0 = Release|Any CPU
		{11352773-D4D0-4475-820D-4575280A01EE}.Debug|Any CPU.ActiveCfg = Debug|Any CPU
		{11352773-D4D0-4475-820D-4575280A01EE}.Debug|Any CPU.Build.0 = Debug|Any CPU
		{11352773-D4D0-4475-820D-4575280A01EE}.Release|Any CPU.ActiveCfg = Release|Any CPU
		{11352773-D4D0-4475-820D-4575280A01EE}.Release|Any CPU.Build.0 = Release|Any CPU
		{2800E78F-D2BD-47B0-96B3-1E697A7B9C01}.Debug|Any CPU.ActiveCfg = Debug|Any CPU
		{2800E78F-D2BD-47B0-96B3-1E697A7B9C01}.Debug|Any CPU.Build.0 = Debug|Any CPU
		{2800E78F-D2BD-47B0-96B3-1E697A7B9C01}.Release|Any CPU.ActiveCfg = Release|Any CPU
		{2800E78F-D2BD-47B0-96B3-1E697A7B9C01}.Release|Any CPU.Build.0 = Release|Any CPU
		{89657066-31EE-4A48-8CB2-67704D12543F}.Debug|Any CPU.ActiveCfg = Debug|Any CPU
		{89657066-31EE-4A48-8CB2-67704D12543F}.Debug|Any CPU.Build.0 = Debug|Any CPU
		{89657066-31EE-4A48-8CB2-67704D12543F}.Release|Any CPU.ActiveCfg = Release|Any CPU
		{89657066-31EE-4A48-8CB2-67704D12543F}.Release|Any CPU.Build.0 = Release|Any CPU
		{CF22AD3D-6C08-4F37-A4E6-F4DBC4E9FE43}.Debug|Any CPU.ActiveCfg = Debug|Any CPU
		{CF22AD3D-6C08-4F37-A4E6-F4DBC4E9FE43}.Debug|Any CPU.Build.0 = Debug|Any CPU
		{CF22AD3D-6C08-4F37-A4E6-F4DBC4E9FE43}.Release|Any CPU.ActiveCfg = Release|Any CPU
		{CF22AD3D-6C08-4F37-A4E6-F4DBC4E9FE43}.Release|Any CPU.Build.0 = Release|Any CPU
		{2C3CA5E2-5FE7-4858-B006-B61825287D93}.Debug|Any CPU.ActiveCfg = Debug|Any CPU
		{2C3CA5E2-5FE7-4858-B006-B61825287D93}.Debug|Any CPU.Build.0 = Debug|Any CPU
		{2C3CA5E2-5FE7-4858-B006-B61825287D93}.Release|Any CPU.ActiveCfg = Release|Any CPU
		{2C3CA5E2-5FE7-4858-B006-B61825287D93}.Release|Any CPU.Build.0 = Release|Any CPU
		{FE8A5A58-4FFC-4798-91DB-2F83C388171D}.Debug|Any CPU.ActiveCfg = Debug|Any CPU
		{FE8A5A58-4FFC-4798-91DB-2F83C388171D}.Debug|Any CPU.Build.0 = Debug|Any CPU
		{FE8A5A58-4FFC-4798-91DB-2F83C388171D}.Release|Any CPU.ActiveCfg = Release|Any CPU
		{FE8A5A58-4FFC-4798-91DB-2F83C388171D}.Release|Any CPU.Build.0 = Release|Any CPU
		{1D6A148E-1F27-44DE-9358-EB6BC011646C}.Debug|Any CPU.ActiveCfg = Debug|Any CPU
		{1D6A148E-1F27-44DE-9358-EB6BC011646C}.Debug|Any CPU.Build.0 = Debug|Any CPU
		{1D6A148E-1F27-44DE-9358-EB6BC011646C}.Release|Any CPU.ActiveCfg = Release|Any CPU
		{1D6A148E-1F27-44DE-9358-EB6BC011646C}.Release|Any CPU.Build.0 = Release|Any CPU
		{BAEDF27A-5E3E-4014-82D3-BB5E7A20C0A6}.Debug|Any CPU.ActiveCfg = Debug|Any CPU
		{BAEDF27A-5E3E-4014-82D3-BB5E7A20C0A6}.Debug|Any CPU.Build.0 = Debug|Any CPU
		{BAEDF27A-5E3E-4014-82D3-BB5E7A20C0A6}.Release|Any CPU.ActiveCfg = Release|Any CPU
		{BAEDF27A-5E3E-4014-82D3-BB5E7A20C0A6}.Release|Any CPU.Build.0 = Release|Any CPU
		{9C70C5ED-4972-43BB-BFF3-F0D6EBBC9A84}.Debug|Any CPU.ActiveCfg = Debug|Any CPU
		{9C70C5ED-4972-43BB-BFF3-F0D6EBBC9A84}.Debug|Any CPU.Build.0 = Debug|Any CPU
		{9C70C5ED-4972-43BB-BFF3-F0D6EBBC9A84}.Release|Any CPU.ActiveCfg = Release|Any CPU
		{9C70C5ED-4972-43BB-BFF3-F0D6EBBC9A84}.Release|Any CPU.Build.0 = Release|Any CPU
		{FD326F84-7244-420D-B441-29C9A31D5D13}.Debug|Any CPU.ActiveCfg = Debug|Any CPU
		{FD326F84-7244-420D-B441-29C9A31D5D13}.Debug|Any CPU.Build.0 = Debug|Any CPU
		{FD326F84-7244-420D-B441-29C9A31D5D13}.Release|Any CPU.ActiveCfg = Release|Any CPU
		{FD326F84-7244-420D-B441-29C9A31D5D13}.Release|Any CPU.Build.0 = Release|Any CPU
		{909DC49D-D593-485C-9C31-1C85B43186FA}.Debug|Any CPU.ActiveCfg = Debug|Any CPU
		{909DC49D-D593-485C-9C31-1C85B43186FA}.Debug|Any CPU.Build.0 = Debug|Any CPU
		{909DC49D-D593-485C-9C31-1C85B43186FA}.Release|Any CPU.ActiveCfg = Release|Any CPU
		{909DC49D-D593-485C-9C31-1C85B43186FA}.Release|Any CPU.Build.0 = Release|Any CPU
		{9D7FD2B4-F23C-441F-912E-B7DE039562F1}.Debug|Any CPU.ActiveCfg = Debug|Any CPU
		{9D7FD2B4-F23C-441F-912E-B7DE039562F1}.Debug|Any CPU.Build.0 = Debug|Any CPU
		{9D7FD2B4-F23C-441F-912E-B7DE039562F1}.Release|Any CPU.ActiveCfg = Release|Any CPU
		{9D7FD2B4-F23C-441F-912E-B7DE039562F1}.Release|Any CPU.Build.0 = Release|Any CPU
		{DBBD94FC-B380-4D1A-8410-198CEC137929}.Debug|Any CPU.ActiveCfg = Debug|Any CPU
		{DBBD94FC-B380-4D1A-8410-198CEC137929}.Debug|Any CPU.Build.0 = Debug|Any CPU
		{DBBD94FC-B380-4D1A-8410-198CEC137929}.Release|Any CPU.ActiveCfg = Release|Any CPU
		{DBBD94FC-B380-4D1A-8410-198CEC137929}.Release|Any CPU.Build.0 = Release|Any CPU
		{47165E19-6A19-4853-87A0-69CEEA6DDF92}.Debug|Any CPU.ActiveCfg = Debug|Any CPU
		{47165E19-6A19-4853-87A0-69CEEA6DDF92}.Debug|Any CPU.Build.0 = Debug|Any CPU
		{47165E19-6A19-4853-87A0-69CEEA6DDF92}.Release|Any CPU.ActiveCfg = Release|Any CPU
		{47165E19-6A19-4853-87A0-69CEEA6DDF92}.Release|Any CPU.Build.0 = Release|Any CPU
	EndGlobalSection
	GlobalSection(SolutionProperties) = preSolution
		HideSolutionNode = FALSE
	EndGlobalSection
	GlobalSection(NestedProjects) = preSolution
		{4003E0B1-5719-44A3-9D68-5378B9CBA188} = {4EDABDD0-D3C7-4AD4-8A36-38C68B2E3E14}
		{9244BB58-0418-473A-A6AC-19ABF6EE8F6E} = {5F0C0FBE-9E8F-44DC-849C-0321ADB901F4}
		{46919D25-D259-4199-835C-DC8E423B1A82} = {5F0C0FBE-9E8F-44DC-849C-0321ADB901F4}
		{84E10FA9-5C68-4ED3-9EAC-5864BA8C164A} = {5F0C0FBE-9E8F-44DC-849C-0321ADB901F4}
		{D3B33FB3-C548-4A9C-A0F1-7503ADD3DB36} = {5F0C0FBE-9E8F-44DC-849C-0321ADB901F4}
		{32B4CC28-ECCE-4449-AFE4-0DFE4348ADA6} = {4EDABDD0-D3C7-4AD4-8A36-38C68B2E3E14}
		{91E1B1B1-1FF1-4953-B66A-BBFBC588F1BE} = {32B4CC28-ECCE-4449-AFE4-0DFE4348ADA6}
		{C567C180-69FE-47D6-8AB5-F62642DE7714} = {32B4CC28-ECCE-4449-AFE4-0DFE4348ADA6}
		{88F4D6CD-99AF-47F3-A746-E2F943DC72DB} = {32B4CC28-ECCE-4449-AFE4-0DFE4348ADA6}
		{395FAE0C-97C9-44B6-A4DF-F22137FF7174} = {32B4CC28-ECCE-4449-AFE4-0DFE4348ADA6}
		{A2ED8706-33AA-4308-BE29-844DA548294E} = {32B4CC28-ECCE-4449-AFE4-0DFE4348ADA6}
		{A40467E2-876B-443D-AF91-BDFE15DFE172} = {4EDABDD0-D3C7-4AD4-8A36-38C68B2E3E14}
		{1F4E951F-4B91-47C7-8DCA-7EE873233D03} = {A40467E2-876B-443D-AF91-BDFE15DFE172}
		{B157BDED-EDBF-4025-BF05-640C048851F1} = {A40467E2-876B-443D-AF91-BDFE15DFE172}
		{9763DAE0-05A7-4DE1-BF92-34B491BE2881} = {A40467E2-876B-443D-AF91-BDFE15DFE172}
		{3911509A-8C68-4BC0-AB47-193444F9327C} = {A40467E2-876B-443D-AF91-BDFE15DFE172}
		{A5B3FA09-3F4B-4D4B-9EF8-8B85FAF64C0B} = {A40467E2-876B-443D-AF91-BDFE15DFE172}
		{F892263A-39E8-4082-A502-2819120EC359} = {4EDABDD0-D3C7-4AD4-8A36-38C68B2E3E14}
		{F59F1D78-91A6-4A06-A054-AD9F96729746} = {F892263A-39E8-4082-A502-2819120EC359}
		{D54F8562-62CF-4476-900C-3B1550367AEC} = {F892263A-39E8-4082-A502-2819120EC359}
		{AD2A1F71-C266-451D-B960-9B684B31EE55} = {F892263A-39E8-4082-A502-2819120EC359}
		{5A8076C6-1035-44FD-B4ED-68E5F3B5EDC2} = {F892263A-39E8-4082-A502-2819120EC359}
		{314296C5-B0DC-4876-8114-F04E9B456B12} = {F892263A-39E8-4082-A502-2819120EC359}
		{7D36C604-9F58-4DFF-B52B-2E192702A46A} = {4EDABDD0-D3C7-4AD4-8A36-38C68B2E3E14}
		{BFE450BF-796C-4E85-9AF1-4CB98E61E3CE} = {7D36C604-9F58-4DFF-B52B-2E192702A46A}
		{56DEBCEE-D7A0-459C-AF92-6F798F41FAA2} = {7D36C604-9F58-4DFF-B52B-2E192702A46A}
		{F92EBABD-873F-4E95-9614-67F3D409912D} = {7D36C604-9F58-4DFF-B52B-2E192702A46A}
		{8B393653-134F-40D4-8E3B-B6C8FB2ACE6E} = {4EDABDD0-D3C7-4AD4-8A36-38C68B2E3E14}
		{11352773-D4D0-4475-820D-4575280A01EE} = {8B393653-134F-40D4-8E3B-B6C8FB2ACE6E}
		{2800E78F-D2BD-47B0-96B3-1E697A7B9C01} = {8B393653-134F-40D4-8E3B-B6C8FB2ACE6E}
		{89657066-31EE-4A48-8CB2-67704D12543F} = {8B393653-134F-40D4-8E3B-B6C8FB2ACE6E}
		{CF22AD3D-6C08-4F37-A4E6-F4DBC4E9FE43} = {8B393653-134F-40D4-8E3B-B6C8FB2ACE6E}
		{2C3CA5E2-5FE7-4858-B006-B61825287D93} = {8B393653-134F-40D4-8E3B-B6C8FB2ACE6E}
		{CF31EFBD-9894-4E60-8B8F-9409D12F931B} = {5F0C0FBE-9E8F-44DC-849C-0321ADB901F4}
		{FE8A5A58-4FFC-4798-91DB-2F83C388171D} = {CF31EFBD-9894-4E60-8B8F-9409D12F931B}
		{1D6A148E-1F27-44DE-9358-EB6BC011646C} = {CF31EFBD-9894-4E60-8B8F-9409D12F931B}
		{1FB0C96B-80D7-44D0-B983-F106AEFBD186} = {4EDABDD0-D3C7-4AD4-8A36-38C68B2E3E14}
		{BAEDF27A-5E3E-4014-82D3-BB5E7A20C0A6} = {1FB0C96B-80D7-44D0-B983-F106AEFBD186}
		{9C70C5ED-4972-43BB-BFF3-F0D6EBBC9A84} = {1FB0C96B-80D7-44D0-B983-F106AEFBD186}
		{FD326F84-7244-420D-B441-29C9A31D5D13} = {1FB0C96B-80D7-44D0-B983-F106AEFBD186}
		{909DC49D-D593-485C-9C31-1C85B43186FA} = {1FB0C96B-80D7-44D0-B983-F106AEFBD186}
		{9D7FD2B4-F23C-441F-912E-B7DE039562F1} = {1FB0C96B-80D7-44D0-B983-F106AEFBD186}
		{9E601F7A-4CF9-4ED0-A76B-D76A4B3E9096} = {5F0C0FBE-9E8F-44DC-849C-0321ADB901F4}
		{DBBD94FC-B380-4D1A-8410-198CEC137929} = {9E601F7A-4CF9-4ED0-A76B-D76A4B3E9096}
		{47165E19-6A19-4853-87A0-69CEEA6DDF92} = {9E601F7A-4CF9-4ED0-A76B-D76A4B3E9096}
	EndGlobalSection
	GlobalSection(ExtensibilityGlobals) = postSolution
		SolutionGuid = {CDE875A3-0719-41D9-802B-AF45CA477C09}
	EndGlobalSection
EndGlobal
